Microsoft Visual Studio Solution File, Format Version 12.00
# Visual Studio Version 17
VisualStudioVersion = 17.5.2.0
MinimumVisualStudioVersion = 10.0.40219.1
Project("{2150E333-8FDC-42A3-9474-1A3956D46DE8}") = "csharp", "csharp", "{B41BF331-FCCB-2ADF-CDB6-767964B34647}"
EndProject
Project("{2150E333-8FDC-42A3-9474-1A3956D46DE8}") = "Creational", "Creational", "{C3E279EE-80AA-35EE-6451-8321436AC980}"
EndProject
Project("{2150E333-8FDC-42A3-9474-1A3956D46DE8}") = "01-FactoryMethod", "01-FactoryMethod", "{70203358-26B7-35EB-2642-4F0D02594E98}"
EndProject
Project("{FAE04EC0-301F-11D3-BF4B-00C04F79EFBC}") = "FactoryMethod", "csharp\Creational\01-FactoryMethod\FactoryMethod.csproj", "{F42DEE5B-5F7C-F97C-FCC2-16984F49AA56}"
EndProject
Global
	GlobalSection(SolutionConfigurationPlatforms) = preSolution
		Debug|Any CPU = Debug|Any CPU
		Release|Any CPU = Release|Any CPU
	EndGlobalSection
	GlobalSection(ProjectConfigurationPlatforms) = postSolution
		{F42DEE5B-5F7C-F97C-FCC2-16984F49AA56}.Debug|Any CPU.ActiveCfg = Debug|Any CPU
		{F42DEE5B-5F7C-F97C-FCC2-16984F49AA56}.Debug|Any CPU.Build.0 = Debug|Any CPU
		{F42DEE5B-5F7C-F97C-FCC2-16984F49AA56}.Release|Any CPU.ActiveCfg = Release|Any CPU
		{F42DEE5B-5F7C-F97C-FCC2-16984F49AA56}.Release|Any CPU.Build.0 = Release|Any CPU
	EndGlobalSection
	GlobalSection(SolutionProperties) = preSolution
		HideSolutionNode = FALSE
	EndGlobalSection
	GlobalSection(NestedProjects) = preSolution
		{C3E279EE-80AA-35EE-6451-8321436AC980} = {B41BF331-FCCB-2ADF-CDB6-767964B34647}
		{70203358-26B7-35EB-2642-4F0D02594E98} = {C3E279EE-80AA-35EE-6451-8321436AC980}
		{F42DEE5B-5F7C-F97C-FCC2-16984F49AA56} = {70203358-26B7-35EB-2642-4F0D02594E98}
	EndGlobalSection
	GlobalSection(ExtensibilityGlobals) = postSolution
		SolutionGuid = {A8867656-BB84-425B-A5CA-70B5A97DCC4C}
	EndGlobalSection
EndGlobal
