Microsoft Visual Studio Solution File, Format Version 12.00
# Visual Studio Version 17
VisualStudioVersion = 17.5.2.0
MinimumVisualStudioVersion = 10.0.40219.1
Project("{2150E333-8FDC-42A3-9474-1A3956D46DE8}") = "csharp", "csharp", "{B41BF331-FCCB-2ADF-CDB6-767964B34647}"
EndProject
Project("{2150E333-8FDC-42A3-9474-1A3956D46DE8}") = "Creational", "Creational", "{C3E279EE-80AA-35EE-6451-8321436AC980}"
EndProject
Project("{2150E333-8FDC-42A3-9474-1A3956D46DE8}") = "01-FactoryMethod", "01-FactoryMethod", "{70203358-26B7-35EB-2642-4F0D02594E98}"
EndProject
Project("{FAE04EC0-301F-11D3-BF4B-00C04F79EFBC}") = "FactoryMethod", "csharp\Creational\01-FactoryMethod\FactoryMethod.csproj", "{F42DEE5B-5F7C-F97C-FCC2-16984F49AA56}"
EndProject
Project("{2150E333-8FDC-42A3-9474-1A3956D46DE8}") = "04-Prototype", "04-Prototype", "{8E9E632C-DF33-464A-B192-54A437CCA79E}"
EndProject
Project("{FAE04EC0-301F-11D3-BF4B-00C04F79EFBC}") = "Prototype", "csharp\Creational\04-Prototype\Prototype.csproj", "{73EC2D88-6914-4BC4-A6BB-FEB30B8EF8B5}"
EndProject
Project("{2150E333-8FDC-42A3-9474-1A3956D46DE8}") = "05-Singleton", "05-Singleton", "{77A7C6E2-B09A-438A-83AA-8DF3E618F380}"
EndProject
Project("{FAE04EC0-301F-11D3-BF4B-00C04F79EFBC}") = "Singleton", "csharp\Creational\05-Singleton\Singleton.csproj", "{DA8B9A6B-3228-40B1-AE67-3494CA9BB773}"
EndProject
Project("{2150E333-8FDC-42A3-9474-1A3956D46DE8}") = "Structural", "Structural", "{457C0E51-D11E-48F9-BC21-297EB8F828CC}"
EndProject
Project("{2150E333-8FDC-42A3-9474-1A3956D46DE8}") = "06-Adapter", "06-Adapter", "{83CC1AFC-F388-48A5-AEBB-4B0E7DD5B68A}"
EndProject
Project("{FAE04EC0-301F-11D3-BF4B-00C04F79EFBC}") = "Adapter", "csharp\Structural\06-Adapter\Adapter.csproj", "{8201D490-FA56-4557-BC07-76DAF7B0C58E}"
EndProject
Project("{2150E333-8FDC-42A3-9474-1A3956D46DE8}") = "07-Bridge", "07-Bridge", "{A1C34F72-6E89-4D3B-BD51-5F2E8AC19023}"
EndProject
Project("{FAE04EC0-301F-11D3-BF4B-00C04F79EFBC}") = "Bridge", "csharp\Structural\07-Bridge\Bridge.csproj", "{C5F2B371-9A23-4E8C-AF44-3D7E1B0D6F95}"
EndProject
Project("{2150E333-8FDC-42A3-9474-1A3956D46DE8}") = "08-Composite", "08-Composite", "{F3A18C2D-7B45-4E9F-A034-6C2D5B8E1F07}"
EndProject
Project("{FAE04EC0-301F-11D3-BF4B-00C04F79EFBC}") = "Composite", "csharp\Structural\08-Composite\Composite.csproj", "{B7E2D496-3F51-4A8B-9C65-2E4F7A0D5B19}"
EndProject
Project("{2150E333-8FDC-42A3-9474-1A3956D46DE8}") = "09-Decorator", "09-Decorator", "{D4E8F31A-5C26-4B8D-A7F2-9E3C1D7B4028}"
EndProject
Project("{FAE04EC0-301F-11D3-BF4B-00C04F79EFBC}") = "Decorator", "csharp\Structural\09-Decorator\Decorator.csproj", "{E9F1A247-8D35-4C9B-B6E3-0F5D2C8A1B67}"
EndProject
Project("{2150E333-8FDC-42A3-9474-1A3956D46DE8}") = "10-Facade", "10-Facade", "{A2B9C47D-6E13-4F8A-B5D2-0C3F8E1A7549}"
EndProject
Project("{FAE04EC0-301F-11D3-BF4B-00C04F79EFBC}") = "Facade", "csharp\Structural\10-Facade\Facade.csproj", "{F7C3D582-1A46-4E9D-A8B6-3D2F5C0E7A14}"
EndProject
Project("{2150E333-8FDC-42A3-9474-1A3956D46DE8}") = "11-Flyweight", "11-Flyweight", "{B5C0E84D-9F36-4EBC-A8D7-2F6A4B0E3D95}"
EndProject
Project("{FAE04EC0-301F-11D3-BF4B-00C04F79EFBC}") = "Flyweight", "csharp\Structural\11-Flyweight\Flyweight.csproj", "{D6A1F95E-0A47-4FCD-B9E8-3A7B5C1F4E06}"
EndProject
Project("{2150E333-8FDC-42A3-9474-1A3956D46DE8}") = "12-Proxy", "12-Proxy", "{E7D1F06F-1B58-5EDA-C9E8-4B8C6D2A5F07}"
EndProject
Project("{FAE04EC0-301F-11D3-BF4B-00C04F79EFBC}") = "Proxy", "csharp\Structural\12-Proxy\Proxy.csproj", "{F8E2017A-2C69-6FEB-DAF9-5C9D7E3B6A18}"
EndProject
Project("{2150E333-8FDC-42A3-9474-1A3956D46DE8}") = "Behavioral", "Behavioral", "{A3C0D97E-2B47-4ECD-B8D1-1F3A5C2E6B04}"
EndProject
Project("{2150E333-8FDC-42A3-9474-1A3956D46DE8}") = "13-ChainOfResponsibility", "13-ChainOfResponsibility", "{C5E2F18A-4D69-5FCE-CAF3-3A5C7D4A8F26}"
EndProject
Project("{FAE04EC0-301F-11D3-BF4B-00C04F79EFBC}") = "ChainOfResponsibility", "csharp\Behavioral\13-ChainOfResponsibility\ChainOfResponsibility.csproj", "{D6F3A29B-5E7A-6ADF-DB04-4B6D8E5B9A37}"
EndProject
Project("{2150E333-8FDC-42A3-9474-1A3956D46DE8}") = "14-Command", "14-Command", "{E8F4B3AC-6D7A-5EDF-DBF4-4B7D9F6C0A48}"
EndProject
Project("{FAE04EC0-301F-11D3-BF4B-00C04F79EFBC}") = "Command", "csharp\Behavioral\14-Command\Command.csproj", "{F9A5C4BD-7E8B-6FA0-ECF5-5C8EAF7D1B59}"
EndProject
Project("{2150E333-8FDC-42A3-9474-1A3956D46DE8}") = "15-Iterator", "15-Iterator", "{1A2B3C4D-5E6F-7A8B-9C0D-1E2F3A4B5C6D}"
EndProject
Project("{FAE04EC0-301F-11D3-BF4B-00C04F79EFBC}") = "Iterator", "csharp\Behavioral\15-Iterator\Iterator.csproj", "{2B3C4D5E-6F7A-8B9C-0D1E-2F3A4B5C6D7E}"
EndProject
Project("{2150E333-8FDC-42A3-9474-1A3956D46DE8}") = "16-Mediator", "16-Mediator", "{3C4D5E6F-7A8B-9C0D-1E2F-3A4B5C6D7E8F}"
EndProject
Project("{FAE04EC0-301F-11D3-BF4B-00C04F79EFBC}") = "Mediator", "csharp\Behavioral\16-Mediator\Mediator.csproj", "{4D5E6F7A-8B9C-0D1E-2F3A-4B5C6D7E8F9A}"
EndProject
Project("{2150E333-8FDC-42A3-9474-1A3956D46DE8}") = "17-Memento", "17-Memento", "{5E6F7A8B-9C0D-1E2F-3A4B-5C6D7E8F9A0B}"
EndProject
Project("{FAE04EC0-301F-11D3-BF4B-00C04F79EFBC}") = "Memento", "csharp\Behavioral\17-Memento\Memento.csproj", "{6F7A8B9C-0D1E-2F3A-4B5C-6D7E8F9A0B1C}"
EndProject
Project("{2150E333-8FDC-42A3-9474-1A3956D46DE8}") = "18-Observer", "18-Observer", "{7A8B9C0D-1E2F-3A4B-5C6D-7E8F9A0B1C2D}"
EndProject
Project("{FAE04EC0-301F-11D3-BF4B-00C04F79EFBC}") = "Observer", "csharp\Behavioral\18-Observer\Observer.csproj", "{8B9C0D1E-2F3A-4B5C-6D7E-8F9A0B1C2D3E}"
EndProject
Global
	GlobalSection(SolutionConfigurationPlatforms) = preSolution
		Debug|Any CPU = Debug|Any CPU
		Release|Any CPU = Release|Any CPU
	EndGlobalSection
	GlobalSection(ProjectConfigurationPlatforms) = postSolution
		{F42DEE5B-5F7C-F97C-FCC2-16984F49AA56}.Debug|Any CPU.ActiveCfg = Debug|Any CPU
		{F42DEE5B-5F7C-F97C-FCC2-16984F49AA56}.Debug|Any CPU.Build.0 = Debug|Any CPU
		{F42DEE5B-5F7C-F97C-FCC2-16984F49AA56}.Release|Any CPU.ActiveCfg = Release|Any CPU
		{F42DEE5B-5F7C-F97C-FCC2-16984F49AA56}.Release|Any CPU.Build.0 = Release|Any CPU
		{73EC2D88-6914-4BC4-A6BB-FEB30B8EF8B5}.Debug|Any CPU.ActiveCfg = Debug|Any CPU
		{73EC2D88-6914-4BC4-A6BB-FEB30B8EF8B5}.Debug|Any CPU.Build.0 = Debug|Any CPU
		{73EC2D88-6914-4BC4-A6BB-FEB30B8EF8B5}.Release|Any CPU.ActiveCfg = Release|Any CPU
		{73EC2D88-6914-4BC4-A6BB-FEB30B8EF8B5}.Release|Any CPU.Build.0 = Release|Any CPU
		{DA8B9A6B-3228-40B1-AE67-3494CA9BB773}.Debug|Any CPU.ActiveCfg = Debug|Any CPU
		{DA8B9A6B-3228-40B1-AE67-3494CA9BB773}.Debug|Any CPU.Build.0 = Debug|Any CPU
		{DA8B9A6B-3228-40B1-AE67-3494CA9BB773}.Release|Any CPU.ActiveCfg = Release|Any CPU
		{DA8B9A6B-3228-40B1-AE67-3494CA9BB773}.Release|Any CPU.Build.0 = Release|Any CPU
		{8201D490-FA56-4557-BC07-76DAF7B0C58E}.Debug|Any CPU.ActiveCfg = Debug|Any CPU
		{8201D490-FA56-4557-BC07-76DAF7B0C58E}.Debug|Any CPU.Build.0 = Debug|Any CPU
		{8201D490-FA56-4557-BC07-76DAF7B0C58E}.Release|Any CPU.ActiveCfg = Release|Any CPU
		{8201D490-FA56-4557-BC07-76DAF7B0C58E}.Release|Any CPU.Build.0 = Release|Any CPU
		{C5F2B371-9A23-4E8C-AF44-3D7E1B0D6F95}.Debug|Any CPU.ActiveCfg = Debug|Any CPU
		{C5F2B371-9A23-4E8C-AF44-3D7E1B0D6F95}.Debug|Any CPU.Build.0 = Debug|Any CPU
		{C5F2B371-9A23-4E8C-AF44-3D7E1B0D6F95}.Release|Any CPU.ActiveCfg = Release|Any CPU
		{C5F2B371-9A23-4E8C-AF44-3D7E1B0D6F95}.Release|Any CPU.Build.0 = Release|Any CPU
		{B7E2D496-3F51-4A8B-9C65-2E4F7A0D5B19}.Debug|Any CPU.ActiveCfg = Debug|Any CPU
		{B7E2D496-3F51-4A8B-9C65-2E4F7A0D5B19}.Debug|Any CPU.Build.0 = Debug|Any CPU
		{B7E2D496-3F51-4A8B-9C65-2E4F7A0D5B19}.Release|Any CPU.ActiveCfg = Release|Any CPU
		{B7E2D496-3F51-4A8B-9C65-2E4F7A0D5B19}.Release|Any CPU.Build.0 = Release|Any CPU
		{E9F1A247-8D35-4C9B-B6E3-0F5D2C8A1B67}.Debug|Any CPU.ActiveCfg = Debug|Any CPU
		{E9F1A247-8D35-4C9B-B6E3-0F5D2C8A1B67}.Debug|Any CPU.Build.0 = Debug|Any CPU
		{E9F1A247-8D35-4C9B-B6E3-0F5D2C8A1B67}.Release|Any CPU.ActiveCfg = Release|Any CPU
		{E9F1A247-8D35-4C9B-B6E3-0F5D2C8A1B67}.Release|Any CPU.Build.0 = Release|Any CPU
		{F7C3D582-1A46-4E9D-A8B6-3D2F5C0E7A14}.Debug|Any CPU.ActiveCfg = Debug|Any CPU
		{F7C3D582-1A46-4E9D-A8B6-3D2F5C0E7A14}.Debug|Any CPU.Build.0 = Debug|Any CPU
		{F7C3D582-1A46-4E9D-A8B6-3D2F5C0E7A14}.Release|Any CPU.ActiveCfg = Release|Any CPU
		{F7C3D582-1A46-4E9D-A8B6-3D2F5C0E7A14}.Release|Any CPU.Build.0 = Release|Any CPU
		{D6A1F95E-0A47-4FCD-B9E8-3A7B5C1F4E06}.Debug|Any CPU.ActiveCfg = Debug|Any CPU
		{D6A1F95E-0A47-4FCD-B9E8-3A7B5C1F4E06}.Debug|Any CPU.Build.0 = Debug|Any CPU
		{D6A1F95E-0A47-4FCD-B9E8-3A7B5C1F4E06}.Release|Any CPU.ActiveCfg = Release|Any CPU
		{D6A1F95E-0A47-4FCD-B9E8-3A7B5C1F4E06}.Release|Any CPU.Build.0 = Release|Any CPU
		{F8E2017A-2C69-6FEB-DAF9-5C9D7E3B6A18}.Debug|Any CPU.ActiveCfg = Debug|Any CPU
		{F8E2017A-2C69-6FEB-DAF9-5C9D7E3B6A18}.Debug|Any CPU.Build.0 = Debug|Any CPU
		{F8E2017A-2C69-6FEB-DAF9-5C9D7E3B6A18}.Release|Any CPU.ActiveCfg = Release|Any CPU
		{F8E2017A-2C69-6FEB-DAF9-5C9D7E3B6A18}.Release|Any CPU.Build.0 = Release|Any CPU
		{D6F3A29B-5E7A-6ADF-DB04-4B6D8E5B9A37}.Debug|Any CPU.ActiveCfg = Debug|Any CPU
		{D6F3A29B-5E7A-6ADF-DB04-4B6D8E5B9A37}.Debug|Any CPU.Build.0 = Debug|Any CPU
		{D6F3A29B-5E7A-6ADF-DB04-4B6D8E5B9A37}.Release|Any CPU.ActiveCfg = Release|Any CPU
		{D6F3A29B-5E7A-6ADF-DB04-4B6D8E5B9A37}.Release|Any CPU.Build.0 = Release|Any CPU
		{F9A5C4BD-7E8B-6FA0-ECF5-5C8EAF7D1B59}.Debug|Any CPU.ActiveCfg = Debug|Any CPU
		{F9A5C4BD-7E8B-6FA0-ECF5-5C8EAF7D1B59}.Debug|Any CPU.Build.0 = Debug|Any CPU
		{F9A5C4BD-7E8B-6FA0-ECF5-5C8EAF7D1B59}.Release|Any CPU.ActiveCfg = Release|Any CPU
		{F9A5C4BD-7E8B-6FA0-ECF5-5C8EAF7D1B59}.Release|Any CPU.Build.0 = Release|Any CPU
		{2B3C4D5E-6F7A-8B9C-0D1E-2F3A4B5C6D7E}.Debug|Any CPU.ActiveCfg = Debug|Any CPU
		{2B3C4D5E-6F7A-8B9C-0D1E-2F3A4B5C6D7E}.Debug|Any CPU.Build.0 = Debug|Any CPU
		{2B3C4D5E-6F7A-8B9C-0D1E-2F3A4B5C6D7E}.Release|Any CPU.ActiveCfg = Release|Any CPU
		{2B3C4D5E-6F7A-8B9C-0D1E-2F3A4B5C6D7E}.Release|Any CPU.Build.0 = Release|Any CPU
		{4D5E6F7A-8B9C-0D1E-2F3A-4B5C6D7E8F9A}.Debug|Any CPU.ActiveCfg = Debug|Any CPU
		{4D5E6F7A-8B9C-0D1E-2F3A-4B5C6D7E8F9A}.Debug|Any CPU.Build.0 = Debug|Any CPU
		{4D5E6F7A-8B9C-0D1E-2F3A-4B5C6D7E8F9A}.Release|Any CPU.ActiveCfg = Release|Any CPU
		{4D5E6F7A-8B9C-0D1E-2F3A-4B5C6D7E8F9A}.Release|Any CPU.Build.0 = Release|Any CPU
		{6F7A8B9C-0D1E-2F3A-4B5C-6D7E8F9A0B1C}.Debug|Any CPU.ActiveCfg = Debug|Any CPU
		{6F7A8B9C-0D1E-2F3A-4B5C-6D7E8F9A0B1C}.Debug|Any CPU.Build.0 = Debug|Any CPU
		{6F7A8B9C-0D1E-2F3A-4B5C-6D7E8F9A0B1C}.Release|Any CPU.ActiveCfg = Release|Any CPU
		{6F7A8B9C-0D1E-2F3A-4B5C-6D7E8F9A0B1C}.Release|Any CPU.Build.0 = Release|Any CPU
		{8B9C0D1E-2F3A-4B5C-6D7E-8F9A0B1C2D3E}.Debug|Any CPU.ActiveCfg = Debug|Any CPU
		{8B9C0D1E-2F3A-4B5C-6D7E-8F9A0B1C2D3E}.Debug|Any CPU.Build.0 = Debug|Any CPU
		{8B9C0D1E-2F3A-4B5C-6D7E-8F9A0B1C2D3E}.Release|Any CPU.ActiveCfg = Release|Any CPU
		{8B9C0D1E-2F3A-4B5C-6D7E-8F9A0B1C2D3E}.Release|Any CPU.Build.0 = Release|Any CPU
	EndGlobalSection
	GlobalSection(SolutionProperties) = preSolution
		HideSolutionNode = FALSE
	EndGlobalSection
	GlobalSection(NestedProjects) = preSolution
		{C3E279EE-80AA-35EE-6451-8321436AC980} = {B41BF331-FCCB-2ADF-CDB6-767964B34647}
		{70203358-26B7-35EB-2642-4F0D02594E98} = {C3E279EE-80AA-35EE-6451-8321436AC980}
		{F42DEE5B-5F7C-F97C-FCC2-16984F49AA56} = {70203358-26B7-35EB-2642-4F0D02594E98}
		{8E9E632C-DF33-464A-B192-54A437CCA79E} = {C3E279EE-80AA-35EE-6451-8321436AC980}
		{73EC2D88-6914-4BC4-A6BB-FEB30B8EF8B5} = {8E9E632C-DF33-464A-B192-54A437CCA79E}
		{77A7C6E2-B09A-438A-83AA-8DF3E618F380} = {C3E279EE-80AA-35EE-6451-8321436AC980}
		{DA8B9A6B-3228-40B1-AE67-3494CA9BB773} = {77A7C6E2-B09A-438A-83AA-8DF3E618F380}
		{457C0E51-D11E-48F9-BC21-297EB8F828CC} = {B41BF331-FCCB-2ADF-CDB6-767964B34647}
		{83CC1AFC-F388-48A5-AEBB-4B0E7DD5B68A} = {457C0E51-D11E-48F9-BC21-297EB8F828CC}
		{8201D490-FA56-4557-BC07-76DAF7B0C58E} = {83CC1AFC-F388-48A5-AEBB-4B0E7DD5B68A}
		{A1C34F72-6E89-4D3B-BD51-5F2E8AC19023} = {457C0E51-D11E-48F9-BC21-297EB8F828CC}
		{C5F2B371-9A23-4E8C-AF44-3D7E1B0D6F95} = {A1C34F72-6E89-4D3B-BD51-5F2E8AC19023}
		{F3A18C2D-7B45-4E9F-A034-6C2D5B8E1F07} = {457C0E51-D11E-48F9-BC21-297EB8F828CC}
		{B7E2D496-3F51-4A8B-9C65-2E4F7A0D5B19} = {F3A18C2D-7B45-4E9F-A034-6C2D5B8E1F07}
		{D4E8F31A-5C26-4B8D-A7F2-9E3C1D7B4028} = {457C0E51-D11E-48F9-BC21-297EB8F828CC}
		{E9F1A247-8D35-4C9B-B6E3-0F5D2C8A1B67} = {D4E8F31A-5C26-4B8D-A7F2-9E3C1D7B4028}
		{A2B9C47D-6E13-4F8A-B5D2-0C3F8E1A7549} = {457C0E51-D11E-48F9-BC21-297EB8F828CC}
		{F7C3D582-1A46-4E9D-A8B6-3D2F5C0E7A14} = {A2B9C47D-6E13-4F8A-B5D2-0C3F8E1A7549}
		{B5C0E84D-9F36-4EBC-A8D7-2F6A4B0E3D95} = {457C0E51-D11E-48F9-BC21-297EB8F828CC}
		{D6A1F95E-0A47-4FCD-B9E8-3A7B5C1F4E06} = {B5C0E84D-9F36-4EBC-A8D7-2F6A4B0E3D95}
		{E7D1F06F-1B58-5EDA-C9E8-4B8C6D2A5F07} = {457C0E51-D11E-48F9-BC21-297EB8F828CC}
		{F8E2017A-2C69-6FEB-DAF9-5C9D7E3B6A18} = {E7D1F06F-1B58-5EDA-C9E8-4B8C6D2A5F07}
		{A3C0D97E-2B47-4ECD-B8D1-1F3A5C2E6B04} = {B41BF331-FCCB-2ADF-CDB6-767964B34647}
		{C5E2F18A-4D69-5FCE-CAF3-3A5C7D4A8F26} = {A3C0D97E-2B47-4ECD-B8D1-1F3A5C2E6B04}
		{D6F3A29B-5E7A-6ADF-DB04-4B6D8E5B9A37} = {C5E2F18A-4D69-5FCE-CAF3-3A5C7D4A8F26}
		{E8F4B3AC-6D7A-5EDF-DBF4-4B7D9F6C0A48} = {A3C0D97E-2B47-4ECD-B8D1-1F3A5C2E6B04}
		{F9A5C4BD-7E8B-6FA0-ECF5-5C8EAF7D1B59} = {E8F4B3AC-6D7A-5EDF-DBF4-4B7D9F6C0A48}
		{1A2B3C4D-5E6F-7A8B-9C0D-1E2F3A4B5C6D} = {A3C0D97E-2B47-4ECD-B8D1-1F3A5C2E6B04}
		{2B3C4D5E-6F7A-8B9C-0D1E-2F3A4B5C6D7E} = {1A2B3C4D-5E6F-7A8B-9C0D-1E2F3A4B5C6D}
		{3C4D5E6F-7A8B-9C0D-1E2F-3A4B5C6D7E8F} = {A3C0D97E-2B47-4ECD-B8D1-1F3A5C2E6B04}
		{4D5E6F7A-8B9C-0D1E-2F3A-4B5C6D7E8F9A} = {3C4D5E6F-7A8B-9C0D-1E2F-3A4B5C6D7E8F}
		{5E6F7A8B-9C0D-1E2F-3A4B-5C6D7E8F9A0B} = {A3C0D97E-2B47-4ECD-B8D1-1F3A5C2E6B04}
		{6F7A8B9C-0D1E-2F3A-4B5C-6D7E8F9A0B1C} = {5E6F7A8B-9C0D-1E2F-3A4B-5C6D7E8F9A0B}
		{7A8B9C0D-1E2F-3A4B-5C6D-7E8F9A0B1C2D} = {A3C0D97E-2B47-4ECD-B8D1-1F3A5C2E6B04}
		{8B9C0D1E-2F3A-4B5C-6D7E-8F9A0B1C2D3E} = {7A8B9C0D-1E2F-3A4B-5C6D-7E8F9A0B1C2D}
	EndGlobalSection
	GlobalSection(ExtensibilityGlobals) = postSolution
		SolutionGuid = {A8867656-BB84-425B-A5CA-70B5A97DCC4C}
	EndGlobalSection
EndGlobal
